
Microsoft Visual Studio Solution File, Format Version 12.00
# Visual Studio Version 17
VisualStudioVersion = 17.3.32929.385
MinimumVisualStudioVersion = 10.0.40219.1
Project("{FAE04EC0-301F-11D3-BF4B-00C04F79EFBC}") = "Super_Tour", "Super_Tour\Super_Tour.csproj", "{D058C76B-9F89-4D8F-AC9E-47E9B7EE03B8}"
EndProject
Global
	GlobalSection(SolutionConfigurationPlatforms) = preSolution
		Debug|Any CPU = Debug|Any CPU
		Release|Any CPU = Release|Any CPU
	EndGlobalSection
	GlobalSection(ProjectConfigurationPlatforms) = postSolution
		{D058C76B-9F89-4D8F-AC9E-47E9B7EE03B8}.Debug|Any CPU.ActiveCfg = Debug|Any CPU
		{D058C76B-9F89-4D8F-AC9E-47E9B7EE03B8}.Debug|Any CPU.Build.0 = Debug|Any CPU
		{D058C76B-9F89-4D8F-AC9E-47E9B7EE03B8}.Release|Any CPU.ActiveCfg = Release|Any CPU
		{D058C76B-9F89-4D8F-AC9E-47E9B7EE03B8}.Release|Any CPU.Build.0 = Release|Any CPU
	EndGlobalSection
	GlobalSection(SolutionProperties) = preSolution
		HideSolutionNode = FALSE
	EndGlobalSection
	GlobalSection(ExtensibilityGlobals) = postSolution
		SolutionGuid = {049EFFA3-A297-4C92-912D-63555AEE6255}
	EndGlobalSection
EndGlobal
